PODS:
  - IQKeyboardManagerSwift (6.0.3)

DEPENDENCIES:
  - IQKeyboardManagerSwift

SPEC REPOS:
  https://github.com/CocoaPods/Specs.git:
    - IQKeyboardManagerSwift

SPEC CHECKSUMS:
  IQKeyboardManagerSwift: 04e8679f85e496bb2c474eeb9284052f1b3c391c

PODFILE CHECKSUM: b495ca24a120634368dc32e653d5863639dd909c

COCOAPODS: 1.5.0
